// !$*UTF8*$!
{
	archiveVersion = 1;
	classes = {
	};
	objectVersion = 51;
	objects = {

/* Begin PBXBuildFile section */
		74DCDEDB5A98A5ED58A736B5 /* Pods_ArchitectureGuide.framework in Frameworks */ = {isa = PBXBuildFile; fileRef = 4BF585F411CF3DA03D46BD3E /* Pods_ArchitectureGuide.framework */; };
		86E19E63244749D600CE3E07 /* AppDelegate.swift in Sources */ = {isa = PBXBuildFile; fileRef = 86E19E62244749D600CE3E07 /* AppDelegate.swift */; };
		86E19E6C244749D800CE3E07 /* Assets.xcassets in Resources */ = {isa = PBXBuildFile; fileRef = 86E19E6B244749D800CE3E07 /* Assets.xcassets */; };
		86E19E6F244749D800CE3E07 /* LaunchScreen.storyboard in Resources */ = {isa = PBXBuildFile; fileRef = 86E19E6D244749D800CE3E07 /* LaunchScreen.storyboard */; };
		86E19E7A244749D900CE3E07 /* ArchitectureGuideTests.swift in Sources */ = {isa = PBXBuildFile; fileRef = 86E19E79244749D900CE3E07 /* ArchitectureGuideTests.swift */; };
		86E19E85244749D900CE3E07 /* ArchitectureGuideUITests.swift in Sources */ = {isa = PBXBuildFile; fileRef = 86E19E84244749D900CE3E07 /* ArchitectureGuideUITests.swift */; };
		86E19EA724474B5700CE3E07 /* ContentCell.xib in Resources */ = {isa = PBXBuildFile; fileRef = 86E19E9B24474B5700CE3E07 /* ContentCell.xib */; };
		86E19EA824474B5700CE3E07 /* ContentCellViewModel.swift in Sources */ = {isa = PBXBuildFile; fileRef = 86E19E9C24474B5700CE3E07 /* ContentCellViewModel.swift */; };
		86E19EA924474B5700CE3E07 /* ContentCell.swift in Sources */ = {isa = PBXBuildFile; fileRef = 86E19E9D24474B5700CE3E07 /* ContentCell.swift */; };
		86E19EAA24474B5700CE3E07 /* MainViewController.xib in Resources */ = {isa = PBXBuildFile; fileRef = 86E19E9E24474B5700CE3E07 /* MainViewController.xib */; };
		86E19EAB24474B5700CE3E07 /* MainViewController.swift in Sources */ = {isa = PBXBuildFile; fileRef = 86E19E9F24474B5700CE3E07 /* MainViewController.swift */; };
		86E19EAC24474B5700CE3E07 /* MainViewModel.swift in Sources */ = {isa = PBXBuildFile; fileRef = 86E19EA024474B5700CE3E07 /* MainViewModel.swift */; };
		86E19EAD24474B5700CE3E07 /* TabBarController.swift in Sources */ = {isa = PBXBuildFile; fileRef = 86E19EA224474B5700CE3E07 /* TabBarController.swift */; };
		86E19EAE24474B5700CE3E07 /* DetailsViewController.xib in Resources */ = {isa = PBXBuildFile; fileRef = 86E19EA424474B5700CE3E07 /* DetailsViewController.xib */; };
		86E19EAF24474B5700CE3E07 /* DetailsViewModel.swift in Sources */ = {isa = PBXBuildFile; fileRef = 86E19EA524474B5700CE3E07 /* DetailsViewModel.swift */; };
		86E19EB024474B5700CE3E07 /* DetailsViewController.swift in Sources */ = {isa = PBXBuildFile; fileRef = 86E19EA624474B5700CE3E07 /* DetailsViewController.swift */; };
		86E19EB524474B6000CE3E07 /* DetailsCoordinator.swift in Sources */ = {isa = PBXBuildFile; fileRef = 86E19EB124474B5F00CE3E07 /* DetailsCoordinator.swift */; };
		86E19EB624474B6000CE3E07 /* MainCoordinator.swift in Sources */ = {isa = PBXBuildFile; fileRef = 86E19EB224474B6000CE3E07 /* MainCoordinator.swift */; };
		86E19EB724474B6000CE3E07 /* TabBarCoordinator.swift in Sources */ = {isa = PBXBuildFile; fileRef = 86E19EB324474B6000CE3E07 /* TabBarCoordinator.swift */; };
		86E19EB824474B6000CE3E07 /* AppCoordinator.swift in Sources */ = {isa = PBXBuildFile; fileRef = 86E19EB424474B6000CE3E07 /* AppCoordinator.swift */; };
		86E19EBD24474B6D00CE3E07 /* Movie.swift in Sources */ = {isa = PBXBuildFile; fileRef = 86E19EBA24474B6C00CE3E07 /* Movie.swift */; };
		86E19EBE24474B6D00CE3E07 /* MainInteractor.swift in Sources */ = {isa = PBXBuildFile; fileRef = 86E19EBC24474B6C00CE3E07 /* MainInteractor.swift */; };
		86E19ECC24474B7400CE3E07 /* MovieDTO.swift in Sources */ = {isa = PBXBuildFile; fileRef = 86E19EC024474B7400CE3E07 /* MovieDTO.swift */; };
		86E19ECD24474B7400CE3E07 /* MegafonEnvironment.swift in Sources */ = {isa = PBXBuildFile; fileRef = 86E19EC224474B7400CE3E07 /* MegafonEnvironment.swift */; };
		86E19ECE24474B7400CE3E07 /* NetworkOperation.swift in Sources */ = {isa = PBXBuildFile; fileRef = 86E19EC424474B7400CE3E07 /* NetworkOperation.swift */; };
		86E19ECF24474B7400CE3E07 /* Dispatcher.swift in Sources */ = {isa = PBXBuildFile; fileRef = 86E19EC524474B7400CE3E07 /* Dispatcher.swift */; };
		86E19ED024474B7400CE3E07 /* Error.swift in Sources */ = {isa = PBXBuildFile; fileRef = 86E19EC624474B7400CE3E07 /* Error.swift */; };
		86E19ED124474B7400CE3E07 /* Response.swift in Sources */ = {isa = PBXBuildFile; fileRef = 86E19EC724474B7400CE3E07 /* Response.swift */; };
		86E19ED224474B7400CE3E07 /* Request.swift in Sources */ = {isa = PBXBuildFile; fileRef = 86E19EC824474B7400CE3E07 /* Request.swift */; };
		86E19ED324474B7400CE3E07 /* MovieRequests.swift in Sources */ = {isa = PBXBuildFile; fileRef = 86E19ECA24474B7400CE3E07 /* MovieRequests.swift */; };
		86E19ED424474B7400CE3E07 /* RealNetworkDispatcher.swift in Sources */ = {isa = PBXBuildFile; fileRef = 86E19ECB24474B7400CE3E07 /* RealNetworkDispatcher.swift */; };
		86E19EDC24474B8000CE3E07 /* Routable.swift in Sources */ = {isa = PBXBuildFile; fileRef = 86E19ED624474B8000CE3E07 /* Routable.swift */; };
		86E19EDD24474B8000CE3E07 /* Presentable.swift in Sources */ = {isa = PBXBuildFile; fileRef = 86E19ED724474B8000CE3E07 /* Presentable.swift */; };
		86E19EDE24474B8000CE3E07 /* Router.swift in Sources */ = {isa = PBXBuildFile; fileRef = 86E19ED824474B8000CE3E07 /* Router.swift */; };
		86E19EDF24474B8000CE3E07 /* Coordinatable.swift in Sources */ = {isa = PBXBuildFile; fileRef = 86E19EDA24474B8000CE3E07 /* Coordinatable.swift */; };
		86E19EE024474B8000CE3E07 /* Coordinator.swift in Sources */ = {isa = PBXBuildFile; fileRef = 86E19EDB24474B8000CE3E07 /* Coordinator.swift */; };
		86E19EEA24474F5300CE3E07 /* AppDelegate.swift in Sources */ = {isa = PBXBuildFile; fileRef = 86E19EE924474F5300CE3E07 /* AppDelegate.swift */; };
		86E19EF124474F5400CE3E07 /* Assets.xcassets in Resources */ = {isa = PBXBuildFile; fileRef = 86E19EF024474F5400CE3E07 /* Assets.xcassets */; };
		86E19EF424474F5400CE3E07 /* LaunchScreen.storyboard in Resources */ = {isa = PBXBuildFile; fileRef = 86E19EF224474F5400CE3E07 /* LaunchScreen.storyboard */; };
		86E19EFF24474F5500CE3E07 /* ArchitectureGuide_tvOSTests.swift in Sources */ = {isa = PBXBuildFile; fileRef = 86E19EFE24474F5500CE3E07 /* ArchitectureGuide_tvOSTests.swift */; };
		86E19F0A24474F5500CE3E07 /* ArchitectureGuide_tvOSUITests.swift in Sources */ = {isa = PBXBuildFile; fileRef = 86E19F0924474F5500CE3E07 /* ArchitectureGuide_tvOSUITests.swift */; };
/* End PBXBuildFile section */

/* Begin PBXContainerItemProxy section */
		86E19E76244749D900CE3E07 /* PBXContainerItemProxy */ = {
			isa = PBXContainerItemProxy;
			containerPortal = 86E19E57244749D600CE3E07 /* Project object */;
			proxyType = 1;
			remoteGlobalIDString = 86E19E5E244749D600CE3E07;
			remoteInfo = ArchitectureGuide;
		};
		86E19E81244749D900CE3E07 /* PBXContainerItemProxy */ = {
			isa = PBXContainerItemProxy;
			containerPortal = 86E19E57244749D600CE3E07 /* Project object */;
			proxyType = 1;
			remoteGlobalIDString = 86E19E5E244749D600CE3E07;
			remoteInfo = ArchitectureGuide;
		};
		86E19EFB24474F5500CE3E07 /* PBXContainerItemProxy */ = {
			isa = PBXContainerItemProxy;
			containerPortal = 86E19E57244749D600CE3E07 /* Project object */;
			proxyType = 1;
			remoteGlobalIDString = 86E19EE624474F5300CE3E07;
			remoteInfo = ArchitectureGuide.tvOS;
		};
		86E19F0624474F5500CE3E07 /* PBXContainerItemProxy */ = {
			isa = PBXContainerItemProxy;
			containerPortal = 86E19E57244749D600CE3E07 /* Project object */;
			proxyType = 1;
			remoteGlobalIDString = 86E19EE624474F5300CE3E07;
			remoteInfo = ArchitectureGuide.tvOS;
		};
/* End PBXContainerItemProxy section */

/* Begin PBXFileReference section */
		14A5ADABBD6EEDC9F1DA2FC8 /* Pods-ArchitectureGuide.release.xcconfig */ = {isa = PBXFileReference; includeInIndex = 1; lastKnownFileType = text.xcconfig; name = "Pods-ArchitectureGuide.release.xcconfig"; path = "Target Support Files/Pods-ArchitectureGuide/Pods-ArchitectureGuide.release.xcconfig"; sourceTree = "<group>"; };
		4BF585F411CF3DA03D46BD3E /* Pods_ArchitectureGuide.framework */ = {isa = PBXFileReference; explicitFileType = wrapper.framework; includeInIndex = 0; path = Pods_ArchitectureGuide.framework; sourceTree = BUILT_PRODUCTS_DIR; };
		86E19E5F244749D600CE3E07 /* ArchitectureGuide.app */ = {isa = PBXFileReference; explicitFileType = wrapper.application; includeInIndex = 0; path = ArchitectureGuide.app; sourceTree = BUILT_PRODUCTS_DIR; };
		86E19E62244749D600CE3E07 /* AppDelegate.swift */ = {isa = PBXFileReference; lastKnownFileType = sourcecode.swift; path = AppDelegate.swift; sourceTree = "<group>"; };
		86E19E6B244749D800CE3E07 /* Assets.xcassets */ = {isa = PBXFileReference; lastKnownFileType = folder.assetcatalog; path = Assets.xcassets; sourceTree = "<group>"; };
		86E19E6E244749D800CE3E07 /* Base */ = {isa = PBXFileReference; lastKnownFileType = file.storyboard; name = Base; path = Base.lproj/LaunchScreen.storyboard; sourceTree = "<group>"; };
		86E19E70244749D800CE3E07 /* Info.plist */ = {isa = PBXFileReference; lastKnownFileType = text.plist.xml; path = Info.plist; sourceTree = "<group>"; };
		86E19E75244749D900CE3E07 /* ArchitectureGuideTests.xctest */ = {isa = PBXFileReference; explicitFileType = wrapper.cfbundle; includeInIndex = 0; path = ArchitectureGuideTests.xctest; sourceTree = BUILT_PRODUCTS_DIR; };
		86E19E79244749D900CE3E07 /* ArchitectureGuideTests.swift */ = {isa = PBXFileReference; lastKnownFileType = sourcecode.swift; path = ArchitectureGuideTests.swift; sourceTree = "<group>"; };
		86E19E7B244749D900CE3E07 /* Info.plist */ = {isa = PBXFileReference; lastKnownFileType = text.plist.xml; path = Info.plist; sourceTree = "<group>"; };
		86E19E80244749D900CE3E07 /* ArchitectureGuideUITests.xctest */ = {isa = PBXFileReference; explicitFileType = wrapper.cfbundle; includeInIndex = 0; path = ArchitectureGuideUITests.xctest; sourceTree = BUILT_PRODUCTS_DIR; };
		86E19E84244749D900CE3E07 /* ArchitectureGuideUITests.swift */ = {isa = PBXFileReference; lastKnownFileType = sourcecode.swift; path = ArchitectureGuideUITests.swift; sourceTree = "<group>"; };
		86E19E86244749D900CE3E07 /* Info.plist */ = {isa = PBXFileReference; lastKnownFileType = text.plist.xml; path = Info.plist; sourceTree = "<group>"; };
		86E19E9B24474B5700CE3E07 /* ContentCell.xib */ = {isa = PBXFileReference; fileEncoding = 4; lastKnownFileType = file.xib; path = ContentCell.xib; sourceTree = "<group>"; };
		86E19E9C24474B5700CE3E07 /* ContentCellViewModel.swift */ = {isa = PBXFileReference; fileEncoding = 4; lastKnownFileType = sourcecode.swift; path = ContentCellViewModel.swift; sourceTree = "<group>"; };
		86E19E9D24474B5700CE3E07 /* ContentCell.swift */ = {isa = PBXFileReference; fileEncoding = 4; lastKnownFileType = sourcecode.swift; path = ContentCell.swift; sourceTree = "<group>"; };
		86E19E9E24474B5700CE3E07 /* MainViewController.xib */ = {isa = PBXFileReference; fileEncoding = 4; lastKnownFileType = file.xib; path = MainViewController.xib; sourceTree = "<group>"; };
		86E19E9F24474B5700CE3E07 /* MainViewController.swift */ = {isa = PBXFileReference; fileEncoding = 4; lastKnownFileType = sourcecode.swift; path = MainViewController.swift; sourceTree = "<group>"; };
		86E19EA024474B5700CE3E07 /* MainViewModel.swift */ = {isa = PBXFileReference; fileEncoding = 4; lastKnownFileType = sourcecode.swift; path = MainViewModel.swift; sourceTree = "<group>"; };
		86E19EA224474B5700CE3E07 /* TabBarController.swift */ = {isa = PBXFileReference; fileEncoding = 4; lastKnownFileType = sourcecode.swift; path = TabBarController.swift; sourceTree = "<group>"; };
		86E19EA424474B5700CE3E07 /* DetailsViewController.xib */ = {isa = PBXFileReference; fileEncoding = 4; lastKnownFileType = file.xib; path = DetailsViewController.xib; sourceTree = "<group>"; };
		86E19EA524474B5700CE3E07 /* DetailsViewModel.swift */ = {isa = PBXFileReference; fileEncoding = 4; lastKnownFileType = sourcecode.swift; path = DetailsViewModel.swift; sourceTree = "<group>"; };
		86E19EA624474B5700CE3E07 /* DetailsViewController.swift */ = {isa = PBXFileReference; fileEncoding = 4; lastKnownFileType = sourcecode.swift; path = DetailsViewController.swift; sourceTree = "<group>"; };
		86E19EB124474B5F00CE3E07 /* DetailsCoordinator.swift */ = {isa = PBXFileReference; fileEncoding = 4; lastKnownFileType = sourcecode.swift; path = DetailsCoordinator.swift; sourceTree = "<group>"; };
		86E19EB224474B6000CE3E07 /* MainCoordinator.swift */ = {isa = PBXFileReference; fileEncoding = 4; lastKnownFileType = sourcecode.swift; path = MainCoordinator.swift; sourceTree = "<group>"; };
		86E19EB324474B6000CE3E07 /* TabBarCoordinator.swift */ = {isa = PBXFileReference; fileEncoding = 4; lastKnownFileType = sourcecode.swift; path = TabBarCoordinator.swift; sourceTree = "<group>"; };
		86E19EB424474B6000CE3E07 /* AppCoordinator.swift */ = {isa = PBXFileReference; fileEncoding = 4; lastKnownFileType = sourcecode.swift; path = AppCoordinator.swift; sourceTree = "<group>"; };
		86E19EBA24474B6C00CE3E07 /* Movie.swift */ = {isa = PBXFileReference; fileEncoding = 4; lastKnownFileType = sourcecode.swift; path = Movie.swift; sourceTree = "<group>"; };
		86E19EBC24474B6C00CE3E07 /* MainInteractor.swift */ = {isa = PBXFileReference; fileEncoding = 4; lastKnownFileType = sourcecode.swift; path = MainInteractor.swift; sourceTree = "<group>"; };
		86E19EC024474B7400CE3E07 /* MovieDTO.swift */ = {isa = PBXFileReference; fileEncoding = 4; lastKnownFileType = sourcecode.swift; path = MovieDTO.swift; sourceTree = "<group>"; };
		86E19EC224474B7400CE3E07 /* MegafonEnvironment.swift */ = {isa = PBXFileReference; fileEncoding = 4; lastKnownFileType = sourcecode.swift; path = MegafonEnvironment.swift; sourceTree = "<group>"; };
		86E19EC424474B7400CE3E07 /* NetworkOperation.swift */ = {isa = PBXFileReference; fileEncoding = 4; lastKnownFileType = sourcecode.swift; path = NetworkOperation.swift; sourceTree = "<group>"; };
		86E19EC524474B7400CE3E07 /* Dispatcher.swift */ = {isa = PBXFileReference; fileEncoding = 4; lastKnownFileType = sourcecode.swift; path = Dispatcher.swift; sourceTree = "<group>"; };
		86E19EC624474B7400CE3E07 /* Error.swift */ = {isa = PBXFileReference; fileEncoding = 4; lastKnownFileType = sourcecode.swift; path = Error.swift; sourceTree = "<group>"; };
		86E19EC724474B7400CE3E07 /* Response.swift */ = {isa = PBXFileReference; fileEncoding = 4; lastKnownFileType = sourcecode.swift; path = Response.swift; sourceTree = "<group>"; };
		86E19EC824474B7400CE3E07 /* Request.swift */ = {isa = PBXFileReference; fileEncoding = 4; lastKnownFileType = sourcecode.swift; path = Request.swift; sourceTree = "<group>"; };
		86E19ECA24474B7400CE3E07 /* MovieRequests.swift */ = {isa = PBXFileReference; fileEncoding = 4; lastKnownFileType = sourcecode.swift; path = MovieRequests.swift; sourceTree = "<group>"; };
		86E19ECB24474B7400CE3E07 /* RealNetworkDispatcher.swift */ = {isa = PBXFileReference; fileEncoding = 4; lastKnownFileType = sourcecode.swift; path = RealNetworkDispatcher.swift; sourceTree = "<group>"; };
		86E19ED624474B8000CE3E07 /* Routable.swift */ = {isa = PBXFileReference; fileEncoding = 4; lastKnownFileType = sourcecode.swift; path = Routable.swift; sourceTree = "<group>"; };
		86E19ED724474B8000CE3E07 /* Presentable.swift */ = {isa = PBXFileReference; fileEncoding = 4; lastKnownFileType = sourcecode.swift; path = Presentable.swift; sourceTree = "<group>"; };
		86E19ED824474B8000CE3E07 /* Router.swift */ = {isa = PBXFileReference; fileEncoding = 4; lastKnownFileType = sourcecode.swift; path = Router.swift; sourceTree = "<group>"; };
		86E19EDA24474B8000CE3E07 /* Coordinatable.swift */ = {isa = PBXFileReference; fileEncoding = 4; lastKnownFileType = sourcecode.swift; path = Coordinatable.swift; sourceTree = "<group>"; };
		86E19EDB24474B8000CE3E07 /* Coordinator.swift */ = {isa = PBXFileReference; fileEncoding = 4; lastKnownFileType = sourcecode.swift; path = Coordinator.swift; sourceTree = "<group>"; };
		86E19EE724474F5300CE3E07 /* ArchitectureGuide.app */ = {isa = PBXFileReference; explicitFileType = wrapper.application; includeInIndex = 0; path = ArchitectureGuide.app; sourceTree = BUILT_PRODUCTS_DIR; };
		86E19EE924474F5300CE3E07 /* AppDelegate.swift */ = {isa = PBXFileReference; lastKnownFileType = sourcecode.swift; path = AppDelegate.swift; sourceTree = "<group>"; };
		86E19EF024474F5400CE3E07 /* Assets.xcassets */ = {isa = PBXFileReference; lastKnownFileType = folder.assetcatalog; path = Assets.xcassets; sourceTree = "<group>"; };
		86E19EF324474F5400CE3E07 /* Base */ = {isa = PBXFileReference; lastKnownFileType = file.storyboard; name = Base; path = Base.lproj/LaunchScreen.storyboard; sourceTree = "<group>"; };
		86E19EF524474F5400CE3E07 /* Info.plist */ = {isa = PBXFileReference; lastKnownFileType = text.plist.xml; path = Info.plist; sourceTree = "<group>"; };
		86E19EFA24474F5500CE3E07 /* ArchitectureGuide.tvOSTests.xctest */ = {isa = PBXFileReference; explicitFileType = wrapper.cfbundle; includeInIndex = 0; path = ArchitectureGuide.tvOSTests.xctest; sourceTree = BUILT_PRODUCTS_DIR; };
		86E19EFE24474F5500CE3E07 /* ArchitectureGuide_tvOSTests.swift */ = {isa = PBXFileReference; lastKnownFileType = sourcecode.swift; path = ArchitectureGuide_tvOSTests.swift; sourceTree = "<group>"; };
		86E19F0024474F5500CE3E07 /* Info.plist */ = {isa = PBXFileReference; lastKnownFileType = text.plist.xml; path = Info.plist; sourceTree = "<group>"; };
		86E19F0524474F5500CE3E07 /* ArchitectureGuide.tvOSUITests.xctest */ = {isa = PBXFileReference; explicitFileType = wrapper.cfbundle; includeInIndex = 0; path = ArchitectureGuide.tvOSUITests.xctest; sourceTree = BUILT_PRODUCTS_DIR; };
		86E19F0924474F5500CE3E07 /* ArchitectureGuide_tvOSUITests.swift */ = {isa = PBXFileReference; lastKnownFileType = sourcecode.swift; path = ArchitectureGuide_tvOSUITests.swift; sourceTree = "<group>"; };
		86E19F0B24474F5500CE3E07 /* Info.plist */ = {isa = PBXFileReference; lastKnownFileType = text.plist.xml; path = Info.plist; sourceTree = "<group>"; };
		DA9CBD6C5E1463C7D20728A4 /* Pods-ArchitectureGuide.debug.xcconfig */ = {isa = PBXFileReference; includeInIndex = 1; lastKnownFileType = text.xcconfig; name = "Pods-ArchitectureGuide.debug.xcconfig"; path = "Target Support Files/Pods-ArchitectureGuide/Pods-ArchitectureGuide.debug.xcconfig"; sourceTree = "<group>"; };
/* End PBXFileReference section */

/* Begin PBXFrameworksBuildPhase section */
		86E19E5C244749D600CE3E07 /* Frameworks */ = {
			isa = PBXFrameworksBuildPhase;
			buildActionMask = 2147483647;
			files = (
				74DCDEDB5A98A5ED58A736B5 /* Pods_ArchitectureGuide.framework in Frameworks */,
			);
			runOnlyForDeploymentPostprocessing = 0;
		};
		86E19E72244749D900CE3E07 /* Frameworks */ = {
			isa = PBXFrameworksBuildPhase;
			buildActionMask = 2147483647;
			files = (
			);
			runOnlyForDeploymentPostprocessing = 0;
		};
		86E19E7D244749D900CE3E07 /* Frameworks */ = {
			isa = PBXFrameworksBuildPhase;
			buildActionMask = 2147483647;
			files = (
			);
			runOnlyForDeploymentPostprocessing = 0;
		};
		86E19EE424474F5300CE3E07 /* Frameworks */ = {
			isa = PBXFrameworksBuildPhase;
			buildActionMask = 2147483647;
			files = (
			);
			runOnlyForDeploymentPostprocessing = 0;
		};
		86E19EF724474F5500CE3E07 /* Frameworks */ = {
			isa = PBXFrameworksBuildPhase;
			buildActionMask = 2147483647;
			files = (
			);
			runOnlyForDeploymentPostprocessing = 0;
		};
		86E19F0224474F5500CE3E07 /* Frameworks */ = {
			isa = PBXFrameworksBuildPhase;
			buildActionMask = 2147483647;
			files = (
			);
			runOnlyForDeploymentPostprocessing = 0;
		};
/* End PBXFrameworksBuildPhase section */

/* Begin PBXGroup section */
		86E19E56244749D600CE3E07 = {
			isa = PBXGroup;
			children = (
				86E19E61244749D600CE3E07 /* ArchitectureGuide */,
				86E19EE824474F5300CE3E07 /* ArchitectureGuide.tvOS */,
				86E19E9424474A0500CE3E07 /* ArchitectureGuide.Domain */,
				86E19E93244749FD00CE3E07 /* ArchitectureGuide.Data */,
				86E19E92244749EE00CE3E07 /* ArchitectureGuide.Shared */,
				86E19E78244749D900CE3E07 /* ArchitectureGuideTests */,
				86E19E83244749D900CE3E07 /* ArchitectureGuideUITests */,
				86E19EFD24474F5500CE3E07 /* ArchitectureGuide.tvOSTests */,
				86E19F0824474F5500CE3E07 /* ArchitectureGuide.tvOSUITests */,
				86E19E60244749D600CE3E07 /* Products */,
				8D2602D245FE7E89ECE7F07E /* Pods */,
				A1D8BABB7E19422E94617AD0 /* Frameworks */,
			);
			sourceTree = "<group>";
		};
		86E19E60244749D600CE3E07 /* Products */ = {
			isa = PBXGroup;
			children = (
				86E19E5F244749D600CE3E07 /* ArchitectureGuide.app */,
				86E19E75244749D900CE3E07 /* ArchitectureGuideTests.xctest */,
				86E19E80244749D900CE3E07 /* ArchitectureGuideUITests.xctest */,
				86E19EE724474F5300CE3E07 /* ArchitectureGuide.app */,
				86E19EFA24474F5500CE3E07 /* ArchitectureGuide.tvOSTests.xctest */,
				86E19F0524474F5500CE3E07 /* ArchitectureGuide.tvOSUITests.xctest */,
			);
			name = Products;
			sourceTree = "<group>";
		};
		86E19E61244749D600CE3E07 /* ArchitectureGuide */ = {
			isa = PBXGroup;
			children = (
				86E19E9524474A1B00CE3E07 /* Coordinators */,
				86E19E9624474A2200CE3E07 /* Scenes */,
				86E19EE224474EC200CE3E07 /* Resources */,
				86E19E62244749D600CE3E07 /* AppDelegate.swift */,
			);
			path = ArchitectureGuide;
			sourceTree = "<group>";
		};
		86E19E78244749D900CE3E07 /* ArchitectureGuideTests */ = {
			isa = PBXGroup;
			children = (
				86E19E79244749D900CE3E07 /* ArchitectureGuideTests.swift */,
				86E19E7B244749D900CE3E07 /* Info.plist */,
			);
			path = ArchitectureGuideTests;
			sourceTree = "<group>";
		};
		86E19E83244749D900CE3E07 /* ArchitectureGuideUITests */ = {
			isa = PBXGroup;
			children = (
				86E19E84244749D900CE3E07 /* ArchitectureGuideUITests.swift */,
				86E19E86244749D900CE3E07 /* Info.plist */,
			);
			path = ArchitectureGuideUITests;
			sourceTree = "<group>";
		};
		86E19E92244749EE00CE3E07 /* ArchitectureGuide.Shared */ = {
			isa = PBXGroup;
			children = (
				86E19ED924474B8000CE3E07 /* Coordinating */,
				86E19ED524474B8000CE3E07 /* Routing */,
			);
			path = ArchitectureGuide.Shared;
			sourceTree = "<group>";
		};
		86E19E93244749FD00CE3E07 /* ArchitectureGuide.Data */ = {
			isa = PBXGroup;
			children = (
				86E19EBF24474B7400CE3E07 /* DTO */,
				86E19EC124474B7400CE3E07 /* Network */,
			);
			path = ArchitectureGuide.Data;
			sourceTree = "<group>";
		};
		86E19E9424474A0500CE3E07 /* ArchitectureGuide.Domain */ = {
			isa = PBXGroup;
			children = (
				86E19EBB24474B6C00CE3E07 /* Interactors */,
				86E19EB924474B6C00CE3E07 /* Models */,
			);
			path = ArchitectureGuide.Domain;
			sourceTree = "<group>";
		};
		86E19E9524474A1B00CE3E07 /* Coordinators */ = {
			isa = PBXGroup;
			children = (
				86E19EB424474B6000CE3E07 /* AppCoordinator.swift */,
				86E19EB124474B5F00CE3E07 /* DetailsCoordinator.swift */,
				86E19EB224474B6000CE3E07 /* MainCoordinator.swift */,
				86E19EB324474B6000CE3E07 /* TabBarCoordinator.swift */,
			);
			path = Coordinators;
			sourceTree = "<group>";
		};
		86E19E9624474A2200CE3E07 /* Scenes */ = {
			isa = PBXGroup;
			children = (
				86E19EA324474B5700CE3E07 /* Details */,
				86E19E9824474B5700CE3E07 /* Main */,
				86E19EA124474B5700CE3E07 /* TabBar */,
			);
			path = Scenes;
			sourceTree = "<group>";
		};
		86E19E9824474B5700CE3E07 /* Main */ = {
			isa = PBXGroup;
			children = (
				86E19E9924474B5700CE3E07 /* Cells */,
				86E19E9E24474B5700CE3E07 /* MainViewController.xib */,
				86E19E9F24474B5700CE3E07 /* MainViewController.swift */,
				86E19EA024474B5700CE3E07 /* MainViewModel.swift */,
			);
			path = Main;
			sourceTree = "<group>";
		};
		86E19E9924474B5700CE3E07 /* Cells */ = {
			isa = PBXGroup;
			children = (
				86E19E9A24474B5700CE3E07 /* ContentCell */,
			);
			path = Cells;
			sourceTree = "<group>";
		};
		86E19E9A24474B5700CE3E07 /* ContentCell */ = {
			isa = PBXGroup;
			children = (
				86E19E9B24474B5700CE3E07 /* ContentCell.xib */,
				86E19E9C24474B5700CE3E07 /* ContentCellViewModel.swift */,
				86E19E9D24474B5700CE3E07 /* ContentCell.swift */,
			);
			path = ContentCell;
			sourceTree = "<group>";
		};
		86E19EA124474B5700CE3E07 /* TabBar */ = {
			isa = PBXGroup;
			children = (
				86E19EA224474B5700CE3E07 /* TabBarController.swift */,
			);
			path = TabBar;
			sourceTree = "<group>";
		};
		86E19EA324474B5700CE3E07 /* Details */ = {
			isa = PBXGroup;
			children = (
				86E19EA424474B5700CE3E07 /* DetailsViewController.xib */,
				86E19EA524474B5700CE3E07 /* DetailsViewModel.swift */,
				86E19EA624474B5700CE3E07 /* DetailsViewController.swift */,
			);
			path = Details;
			sourceTree = "<group>";
		};
		86E19EB924474B6C00CE3E07 /* Models */ = {
			isa = PBXGroup;
			children = (
				86E19EBA24474B6C00CE3E07 /* Movie.swift */,
			);
			path = Models;
			sourceTree = "<group>";
		};
		86E19EBB24474B6C00CE3E07 /* Interactors */ = {
			isa = PBXGroup;
			children = (
				86E19EBC24474B6C00CE3E07 /* MainInteractor.swift */,
			);
			path = Interactors;
			sourceTree = "<group>";
		};
		86E19EBF24474B7400CE3E07 /* DTO */ = {
			isa = PBXGroup;
			children = (
				86E19EC024474B7400CE3E07 /* MovieDTO.swift */,
			);
			path = DTO;
			sourceTree = "<group>";
		};
		86E19EC124474B7400CE3E07 /* Network */ = {
			isa = PBXGroup;
			children = (
				86E19EC224474B7400CE3E07 /* MegafonEnvironment.swift */,
				86E19EC324474B7400CE3E07 /* Networking */,
				86E19EC924474B7400CE3E07 /* Requests */,
				86E19ECB24474B7400CE3E07 /* RealNetworkDispatcher.swift */,
			);
			path = Network;
			sourceTree = "<group>";
		};
		86E19EC324474B7400CE3E07 /* Networking */ = {
			isa = PBXGroup;
			children = (
				86E19EC424474B7400CE3E07 /* NetworkOperation.swift */,
				86E19EC524474B7400CE3E07 /* Dispatcher.swift */,
				86E19EC624474B7400CE3E07 /* Error.swift */,
				86E19EC724474B7400CE3E07 /* Response.swift */,
				86E19EC824474B7400CE3E07 /* Request.swift */,
			);
			path = Networking;
			sourceTree = "<group>";
		};
		86E19EC924474B7400CE3E07 /* Requests */ = {
			isa = PBXGroup;
			children = (
				86E19ECA24474B7400CE3E07 /* MovieRequests.swift */,
			);
			path = Requests;
			sourceTree = "<group>";
		};
		86E19ED524474B8000CE3E07 /* Routing */ = {
			isa = PBXGroup;
			children = (
				86E19ED624474B8000CE3E07 /* Routable.swift */,
				86E19ED724474B8000CE3E07 /* Presentable.swift */,
				86E19ED824474B8000CE3E07 /* Router.swift */,
			);
			path = Routing;
			sourceTree = "<group>";
		};
		86E19ED924474B8000CE3E07 /* Coordinating */ = {
			isa = PBXGroup;
			children = (
				86E19EDA24474B8000CE3E07 /* Coordinatable.swift */,
				86E19EDB24474B8000CE3E07 /* Coordinator.swift */,
			);
			path = Coordinating;
			sourceTree = "<group>";
		};
		86E19EE224474EC200CE3E07 /* Resources */ = {
			isa = PBXGroup;
			children = (
				86E19E6B244749D800CE3E07 /* Assets.xcassets */,
				86E19E6D244749D800CE3E07 /* LaunchScreen.storyboard */,
				86E19E70244749D800CE3E07 /* Info.plist */,
			);
			name = Resources;
			sourceTree = "<group>";
		};
		86E19EE824474F5300CE3E07 /* ArchitectureGuide.tvOS */ = {
			isa = PBXGroup;
			children = (
				86E19F162447506300CE3E07 /* Coordinators */,
				86E19F172447506900CE3E07 /* Scenes */,
				86E19F152447504B00CE3E07 /* Resources */,
				86E19EE924474F5300CE3E07 /* AppDelegate.swift */,
			);
			path = ArchitectureGuide.tvOS;
			sourceTree = "<group>";
		};
		86E19EFD24474F5500CE3E07 /* ArchitectureGuide.tvOSTests */ = {
			isa = PBXGroup;
			children = (
				86E19EFE24474F5500CE3E07 /* ArchitectureGuide_tvOSTests.swift */,
				86E19F0024474F5500CE3E07 /* Info.plist */,
			);
			path = ArchitectureGuide.tvOSTests;
			sourceTree = "<group>";
		};
		86E19F0824474F5500CE3E07 /* ArchitectureGuide.tvOSUITests */ = {
			isa = PBXGroup;
			children = (
				86E19F0924474F5500CE3E07 /* ArchitectureGuide_tvOSUITests.swift */,
				86E19F0B24474F5500CE3E07 /* Info.plist */,
			);
			path = ArchitectureGuide.tvOSUITests;
			sourceTree = "<group>";
		};
		86E19F152447504B00CE3E07 /* Resources */ = {
			isa = PBXGroup;
			children = (
				86E19EF024474F5400CE3E07 /* Assets.xcassets */,
				86E19EF224474F5400CE3E07 /* LaunchScreen.storyboard */,
				86E19EF524474F5400CE3E07 /* Info.plist */,
			);
			name = Resources;
			sourceTree = "<group>";
		};
		86E19F162447506300CE3E07 /* Coordinators */ = {
			isa = PBXGroup;
			children = (
			);
			name = Coordinators;
			sourceTree = "<group>";
		};
		86E19F172447506900CE3E07 /* Scenes */ = {
			isa = PBXGroup;
			children = (
			);
			name = Scenes;
			sourceTree = "<group>";
		};
		8D2602D245FE7E89ECE7F07E /* Pods */ = {
			isa = PBXGroup;
			children = (
				DA9CBD6C5E1463C7D20728A4 /* Pods-ArchitectureGuide.debug.xcconfig */,
				14A5ADABBD6EEDC9F1DA2FC8 /* Pods-ArchitectureGuide.release.xcconfig */,
			);
			path = Pods;
			sourceTree = "<group>";
		};
		A1D8BABB7E19422E94617AD0 /* Frameworks */ = {
			isa = PBXGroup;
			children = (
				4BF585F411CF3DA03D46BD3E /* Pods_ArchitectureGuide.framework */,
			);
			name = Frameworks;
			sourceTree = "<group>";
		};
/* End PBXGroup section */

/* Begin PBXNativeTarget section */
		86E19E5E244749D600CE3E07 /* ArchitectureGuide */ = {
			isa = PBXNativeTarget;
			buildConfigurationList = 86E19E89244749D900CE3E07 /* Build configuration list for PBXNativeTarget "ArchitectureGuide" */;
			buildPhases = (
				5CDC5CEDDFC661C38F5BB39B /* [CP] Check Pods Manifest.lock */,
				86E19E5B244749D600CE3E07 /* Sources */,
				86E19E5C244749D600CE3E07 /* Frameworks */,
				86E19E5D244749D600CE3E07 /* Resources */,
				316E387734A7B564D583AAF0 /* [CP] Embed Pods Frameworks */,
			);
			buildRules = (
			);
			dependencies = (
			);
			name = ArchitectureGuide;
			productName = ArchitectureGuide;
			productReference = 86E19E5F244749D600CE3E07 /* ArchitectureGuide.app */;
			productType = "com.apple.product-type.application";
		};
		86E19E74244749D900CE3E07 /* ArchitectureGuideTests */ = {
			isa = PBXNativeTarget;
			buildConfigurationList = 86E19E8C244749D900CE3E07 /* Build configuration list for PBXNativeTarget "ArchitectureGuideTests" */;
			buildPhases = (
				86E19E71244749D900CE3E07 /* Sources */,
				86E19E72244749D900CE3E07 /* Frameworks */,
				86E19E73244749D900CE3E07 /* Resources */,
			);
			buildRules = (
			);
			dependencies = (
				86E19E77244749D900CE3E07 /* PBXTargetDependency */,
			);
			name = ArchitectureGuideTests;
			productName = ArchitectureGuideTests;
			productReference = 86E19E75244749D900CE3E07 /* ArchitectureGuideTests.xctest */;
			productType = "com.apple.product-type.bundle.unit-test";
		};
		86E19E7F244749D900CE3E07 /* ArchitectureGuideUITests */ = {
			isa = PBXNativeTarget;
			buildConfigurationList = 86E19E8F244749D900CE3E07 /* Build configuration list for PBXNativeTarget "ArchitectureGuideUITests" */;
			buildPhases = (
				86E19E7C244749D900CE3E07 /* Sources */,
				86E19E7D244749D900CE3E07 /* Frameworks */,
				86E19E7E244749D900CE3E07 /* Resources */,
			);
			buildRules = (
			);
			dependencies = (
				86E19E82244749D900CE3E07 /* PBXTargetDependency */,
			);
			name = ArchitectureGuideUITests;
			productName = ArchitectureGuideUITests;
			productReference = 86E19E80244749D900CE3E07 /* ArchitectureGuideUITests.xctest */;
			productType = "com.apple.product-type.bundle.ui-testing";
		};
		86E19EE624474F5300CE3E07 /* ArchitectureGuide.tvOS */ = {
			isa = PBXNativeTarget;
			buildConfigurationList = 86E19F0C24474F5500CE3E07 /* Build configuration list for PBXNativeTarget "ArchitectureGuide.tvOS" */;
			buildPhases = (
				86E19EE324474F5300CE3E07 /* Sources */,
				86E19EE424474F5300CE3E07 /* Frameworks */,
				86E19EE524474F5300CE3E07 /* Resources */,
			);
			buildRules = (
			);
			dependencies = (
			);
			name = ArchitectureGuide.tvOS;
			productName = ArchitectureGuide.tvOS;
			productReference = 86E19EE724474F5300CE3E07 /* ArchitectureGuide.app */;
			productType = "com.apple.product-type.application";
		};
		86E19EF924474F5500CE3E07 /* ArchitectureGuide.tvOSTests */ = {
			isa = PBXNativeTarget;
			buildConfigurationList = 86E19F0F24474F5500CE3E07 /* Build configuration list for PBXNativeTarget "ArchitectureGuide.tvOSTests" */;
			buildPhases = (
				86E19EF624474F5500CE3E07 /* Sources */,
				86E19EF724474F5500CE3E07 /* Frameworks */,
				86E19EF824474F5500CE3E07 /* Resources */,
			);
			buildRules = (
			);
			dependencies = (
				86E19EFC24474F5500CE3E07 /* PBXTargetDependency */,
			);
			name = ArchitectureGuide.tvOSTests;
			productName = ArchitectureGuide.tvOSTests;
			productReference = 86E19EFA24474F5500CE3E07 /* ArchitectureGuide.tvOSTests.xctest */;
			productType = "com.apple.product-type.bundle.unit-test";
		};
		86E19F0424474F5500CE3E07 /* ArchitectureGuide.tvOSUITests */ = {
			isa = PBXNativeTarget;
			buildConfigurationList = 86E19F1224474F5500CE3E07 /* Build configuration list for PBXNativeTarget "ArchitectureGuide.tvOSUITests" */;
			buildPhases = (
				86E19F0124474F5500CE3E07 /* Sources */,
				86E19F0224474F5500CE3E07 /* Frameworks */,
				86E19F0324474F5500CE3E07 /* Resources */,
			);
			buildRules = (
			);
			dependencies = (
				86E19F0724474F5500CE3E07 /* PBXTargetDependency */,
			);
			name = ArchitectureGuide.tvOSUITests;
			productName = ArchitectureGuide.tvOSUITests;
			productReference = 86E19F0524474F5500CE3E07 /* ArchitectureGuide.tvOSUITests.xctest */;
			productType = "com.apple.product-type.bundle.ui-testing";
		};
/* End PBXNativeTarget section */

/* Begin PBXProject section */
		86E19E57244749D600CE3E07 /* Project object */ = {
			isa = PBXProject;
			attributes = {
				LastSwiftUpdateCheck = 1130;
				LastUpgradeCheck = 1130;
				ORGANIZATIONNAME = "Aleksei Shmyrov";
				TargetAttributes = {
					86E19E5E244749D600CE3E07 = {
						CreatedOnToolsVersion = 11.3.1;
					};
					86E19E74244749D900CE3E07 = {
						CreatedOnToolsVersion = 11.3.1;
						TestTargetID = 86E19E5E244749D600CE3E07;
					};
					86E19E7F244749D900CE3E07 = {
						CreatedOnToolsVersion = 11.3.1;
						TestTargetID = 86E19E5E244749D600CE3E07;
					};
					86E19EE624474F5300CE3E07 = {
						CreatedOnToolsVersion = 11.3.1;
					};
					86E19EF924474F5500CE3E07 = {
						CreatedOnToolsVersion = 11.3.1;
						TestTargetID = 86E19EE624474F5300CE3E07;
					};
					86E19F0424474F5500CE3E07 = {
						CreatedOnToolsVersion = 11.3.1;
						TestTargetID = 86E19EE624474F5300CE3E07;
					};
				};
			};
			buildConfigurationList = 86E19E5A244749D600CE3E07 /* Build configuration list for PBXProject "ArchitectureGuide" */;
			compatibilityVersion = "Xcode 9.3";
			developmentRegion = en;
			hasScannedForEncodings = 0;
			knownRegions = (
				en,
				Base,
			);
			mainGroup = 86E19E56244749D600CE3E07;
			productRefGroup = 86E19E60244749D600CE3E07 /* Products */;
			projectDirPath = "";
			projectRoot = "";
			targets = (
				86E19E5E244749D600CE3E07 /* ArchitectureGuide */,
				86E19E74244749D900CE3E07 /* ArchitectureGuideTests */,
				86E19E7F244749D900CE3E07 /* ArchitectureGuideUITests */,
				86E19EE624474F5300CE3E07 /* ArchitectureGuide.tvOS */,
				86E19EF924474F5500CE3E07 /* ArchitectureGuide.tvOSTests */,
				86E19F0424474F5500CE3E07 /* ArchitectureGuide.tvOSUITests */,
			);
		};
/* End PBXProject section */

/* Begin PBXResourcesBuildPhase section */
		86E19E5D244749D600CE3E07 /* Resources */ = {
			isa = PBXResourcesBuildPhase;
			buildActionMask = 2147483647;
			files = (
				86E19E6F244749D800CE3E07 /* LaunchScreen.storyboard in Resources */,
				86E19E6C244749D800CE3E07 /* Assets.xcassets in Resources */,
				86E19EAE24474B5700CE3E07 /* DetailsViewController.xib in Resources */,
				86E19EA724474B5700CE3E07 /* ContentCell.xib in Resources */,
				86E19EAA24474B5700CE3E07 /* MainViewController.xib in Resources */,
			);
			runOnlyForDeploymentPostprocessing = 0;
		};
		86E19E73244749D900CE3E07 /* Resources */ = {
			isa = PBXResourcesBuildPhase;
			buildActionMask = 2147483647;
			files = (
			);
			runOnlyForDeploymentPostprocessing = 0;
		};
		86E19E7E244749D900CE3E07 /* Resources */ = {
			isa = PBXResourcesBuildPhase;
			buildActionMask = 2147483647;
			files = (
			);
			runOnlyForDeploymentPostprocessing = 0;
		};
		86E19EE524474F5300CE3E07 /* Resources */ = {
			isa = PBXResourcesBuildPhase;
			buildActionMask = 2147483647;
			files = (
				86E19EF424474F5400CE3E07 /* LaunchScreen.storyboard in Resources */,
				86E19EF124474F5400CE3E07 /* Assets.xcassets in Resources */,
			);
			runOnlyForDeploymentPostprocessing = 0;
		};
		86E19EF824474F5500CE3E07 /* Resources */ = {
			isa = PBXResourcesBuildPhase;
			buildActionMask = 2147483647;
			files = (
			);
			runOnlyForDeploymentPostprocessing = 0;
		};
		86E19F0324474F5500CE3E07 /* Resources */ = {
			isa = PBXResourcesBuildPhase;
			buildActionMask = 2147483647;
			files = (
			);
			runOnlyForDeploymentPostprocessing = 0;
		};
/* End PBXResourcesBuildPhase section */

/* Begin PBXShellScriptBuildPhase section */
		316E387734A7B564D583AAF0 /* [CP] Embed Pods Frameworks */ = {
			isa = PBXShellScriptBuildPhase;
			buildActionMask = 2147483647;
			files = (
			);
			inputFileListPaths = (
				"${PODS_ROOT}/Target Support Files/Pods-ArchitectureGuide/Pods-ArchitectureGuide-frameworks-${CONFIGURATION}-input-files.xcfilelist",
			);
			name = "[CP] Embed Pods Frameworks";
			outputFileListPaths = (
				"${PODS_ROOT}/Target Support Files/Pods-ArchitectureGuide/Pods-ArchitectureGuide-frameworks-${CONFIGURATION}-output-files.xcfilelist",
			);
			runOnlyForDeploymentPostprocessing = 0;
			shellPath = /bin/sh;
			shellScript = "\"${PODS_ROOT}/Target Support Files/Pods-ArchitectureGuide/Pods-ArchitectureGuide-frameworks.sh\"\n";
			showEnvVarsInLog = 0;
		};
		5CDC5CEDDFC661C38F5BB39B /* [CP] Check Pods Manifest.lock */ = {
			isa = PBXShellScriptBuildPhase;
			buildActionMask = 2147483647;
			files = (
			);
			inputFileListPaths = (
			);
			inputPaths = (
				"${PODS_PODFILE_DIR_PATH}/Podfile.lock",
				"${PODS_ROOT}/Manifest.lock",
			);
			name = "[CP] Check Pods Manifest.lock";
			outputFileListPaths = (
			);
			outputPaths = (
				"$(DERIVED_FILE_DIR)/Pods-ArchitectureGuide-checkManifestLockResult.txt",
			);
			runOnlyForDeploymentPostprocessing = 0;
			shellPath = /bin/sh;
			shellScript = "diff \"${PODS_PODFILE_DIR_PATH}/Podfile.lock\" \"${PODS_ROOT}/Manifest.lock\" > /dev/null\nif [ $? != 0 ] ; then\n    # print error to STDERR\n    echo \"error: The sandbox is not in sync with the Podfile.lock. Run 'pod install' or update your CocoaPods installation.\" >&2\n    exit 1\nfi\n# This output is used by Xcode 'outputs' to avoid re-running this script phase.\necho \"SUCCESS\" > \"${SCRIPT_OUTPUT_FILE_0}\"\n";
			showEnvVarsInLog = 0;
		};
/* End PBXShellScriptBuildPhase section */

/* Begin PBXSourcesBuildPhase section */
		86E19E5B244749D600CE3E07 /* Sources */ = {
			isa = PBXSourcesBuildPhase;
			buildActionMask = 2147483647;
			files = (
				86E19EB824474B6000CE3E07 /* AppCoordinator.swift in Sources */,
				86E19ECC24474B7400CE3E07 /* MovieDTO.swift in Sources */,
				86E19ECF24474B7400CE3E07 /* Dispatcher.swift in Sources */,
				86E19ED424474B7400CE3E07 /* RealNetworkDispatcher.swift in Sources */,
				86E19EAC24474B5700CE3E07 /* MainViewModel.swift in Sources */,
				86E19EDF24474B8000CE3E07 /* Coordinatable.swift in Sources */,
				86E19ED224474B7400CE3E07 /* Request.swift in Sources */,
				86E19ED124474B7400CE3E07 /* Response.swift in Sources */,
				86E19EDC24474B8000CE3E07 /* Routable.swift in Sources */,
				86E19EA924474B5700CE3E07 /* ContentCell.swift in Sources */,
				86E19EA824474B5700CE3E07 /* ContentCellViewModel.swift in Sources */,
				86E19ED324474B7400CE3E07 /* MovieRequests.swift in Sources */,
				86E19ECD24474B7400CE3E07 /* MegafonEnvironment.swift in Sources */,
				86E19EDE24474B8000CE3E07 /* Router.swift in Sources */,
				86E19EB624474B6000CE3E07 /* MainCoordinator.swift in Sources */,
				86E19EBE24474B6D00CE3E07 /* MainInteractor.swift in Sources */,
				86E19EB024474B5700CE3E07 /* DetailsViewController.swift in Sources */,
				86E19EAD24474B5700CE3E07 /* TabBarController.swift in Sources */,
				86E19EB724474B6000CE3E07 /* TabBarCoordinator.swift in Sources */,
				86E19EBD24474B6D00CE3E07 /* Movie.swift in Sources */,
				86E19EE024474B8000CE3E07 /* Coordinator.swift in Sources */,
				86E19EDD24474B8000CE3E07 /* Presentable.swift in Sources */,
				86E19EAF24474B5700CE3E07 /* DetailsViewModel.swift in Sources */,
				86E19E63244749D600CE3E07 /* AppDelegate.swift in Sources */,
				86E19EB524474B6000CE3E07 /* DetailsCoordinator.swift in Sources */,
				86E19EAB24474B5700CE3E07 /* MainViewController.swift in Sources */,
				86E19ECE24474B7400CE3E07 /* NetworkOperation.swift in Sources */,
				86E19ED024474B7400CE3E07 /* Error.swift in Sources */,
			);
			runOnlyForDeploymentPostprocessing = 0;
		};
		86E19E71244749D900CE3E07 /* Sources */ = {
			isa = PBXSourcesBuildPhase;
			buildActionMask = 2147483647;
			files = (
				86E19E7A244749D900CE3E07 /* ArchitectureGuideTests.swift in Sources */,
			);
			runOnlyForDeploymentPostprocessing = 0;
		};
		86E19E7C244749D900CE3E07 /* Sources */ = {
			isa = PBXSourcesBuildPhase;
			buildActionMask = 2147483647;
			files = (
				86E19E85244749D900CE3E07 /* ArchitectureGuideUITests.swift in Sources */,
			);
			runOnlyForDeploymentPostprocessing = 0;
		};
		86E19EE324474F5300CE3E07 /* Sources */ = {
			isa = PBXSourcesBuildPhase;
			buildActionMask = 2147483647;
			files = (
				86E19EEA24474F5300CE3E07 /* AppDelegate.swift in Sources */,
			);
			runOnlyForDeploymentPostprocessing = 0;
		};
		86E19EF624474F5500CE3E07 /* Sources */ = {
			isa = PBXSourcesBuildPhase;
			buildActionMask = 2147483647;
			files = (
				86E19EFF24474F5500CE3E07 /* ArchitectureGuide_tvOSTests.swift in Sources */,
			);
			runOnlyForDeploymentPostprocessing = 0;
		};
		86E19F0124474F5500CE3E07 /* Sources */ = {
			isa = PBXSourcesBuildPhase;
			buildActionMask = 2147483647;
			files = (
				86E19F0A24474F5500CE3E07 /* ArchitectureGuide_tvOSUITests.swift in Sources */,
			);
			runOnlyForDeploymentPostprocessing = 0;
		};
/* End PBXSourcesBuildPhase section */

/* Begin PBXTargetDependency section */
		86E19E77244749D900CE3E07 /* PBXTargetDependency */ = {
			isa = PBXTargetDependency;
			target = 86E19E5E244749D600CE3E07 /* ArchitectureGuide */;
			targetProxy = 86E19E76244749D900CE3E07 /* PBXContainerItemProxy */;
		};
		86E19E82244749D900CE3E07 /* PBXTargetDependency */ = {
			isa = PBXTargetDependency;
			target = 86E19E5E244749D600CE3E07 /* ArchitectureGuide */;
			targetProxy = 86E19E81244749D900CE3E07 /* PBXContainerItemProxy */;
		};
		86E19EFC24474F5500CE3E07 /* PBXTargetDependency */ = {
			isa = PBXTargetDependency;
			target = 86E19EE624474F5300CE3E07 /* ArchitectureGuide.tvOS */;
			targetProxy = 86E19EFB24474F5500CE3E07 /* PBXContainerItemProxy */;
		};
		86E19F0724474F5500CE3E07 /* PBXTargetDependency */ = {
			isa = PBXTargetDependency;
			target = 86E19EE624474F5300CE3E07 /* ArchitectureGuide.tvOS */;
			targetProxy = 86E19F0624474F5500CE3E07 /* PBXContainerItemProxy */;
		};
/* End PBXTargetDependency section */

/* Begin PBXVariantGroup section */
		86E19E6D244749D800CE3E07 /* LaunchScreen.storyboard */ = {
			isa = PBXVariantGroup;
			children = (
				86E19E6E244749D800CE3E07 /* Base */,
			);
			name = LaunchScreen.storyboard;
			sourceTree = "<group>";
		};
		86E19EF224474F5400CE3E07 /* LaunchScreen.storyboard */ = {
			isa = PBXVariantGroup;
			children = (
				86E19EF324474F5400CE3E07 /* Base */,
			);
			name = LaunchScreen.storyboard;
			sourceTree = "<group>";
		};
/* End PBXVariantGroup section */

/* Begin XCBuildConfiguration section */
		86E19E87244749D900CE3E07 /* Debug */ = {
			isa = XCBuildConfiguration;
			buildSettings = {
				ALWAYS_SEARCH_USER_PATHS = NO;
				CLANG_ANALYZER_NONNULL = YES;
				CLANG_ANALYZER_NUMBER_OBJECT_CONVERSION = YES_AGGRESSIVE;
				CLANG_CXX_LANGUAGE_STANDARD = "gnu++14";
				CLANG_CXX_LIBRARY = "libc++";
				CLANG_ENABLE_MODULES = YES;
				CLANG_ENABLE_OBJC_ARC = YES;
				CLANG_ENABLE_OBJC_WEAK = YES;
				CLANG_WARN_BLOCK_CAPTURE_AUTORELEASING = YES;
				CLANG_WARN_BOOL_CONVERSION = YES;
				CLANG_WARN_COMMA = YES;
				CLANG_WARN_CONSTANT_CONVERSION = YES;
				CLANG_WARN_DEPRECATED_OBJC_IMPLEMENTATIONS = YES;
				CLANG_WARN_DIRECT_OBJC_ISA_USAGE = YES_ERROR;
				CLANG_WARN_DOCUMENTATION_COMMENTS = YES;
				CLANG_WARN_EMPTY_BODY = YES;
				CLANG_WARN_ENUM_CONVERSION = YES;
				CLANG_WARN_INFINITE_RECURSION = YES;
				CLANG_WARN_INT_CONVERSION = YES;
				CLANG_WARN_NON_LITERAL_NULL_CONVERSION = YES;
				CLANG_WARN_OBJC_IMPLICIT_RETAIN_SELF = YES;
				CLANG_WARN_OBJC_LITERAL_CONVERSION = YES;
				CLANG_WARN_OBJC_ROOT_CLASS = YES_ERROR;
				CLANG_WARN_RANGE_LOOP_ANALYSIS = YES;
				CLANG_WARN_STRICT_PROTOTYPES = YES;
				CLANG_WARN_SUSPICIOUS_MOVE = YES;
				CLANG_WARN_UNGUARDED_AVAILABILITY = YES_AGGRESSIVE;
				CLANG_WARN_UNREACHABLE_CODE = YES;
				CLANG_WARN__DUPLICATE_METHOD_MATCH = YES;
				COPY_PHASE_STRIP = NO;
				DEBUG_INFORMATION_FORMAT = dwarf;
				ENABLE_STRICT_OBJC_MSGSEND = YES;
				ENABLE_TESTABILITY = YES;
				GCC_C_LANGUAGE_STANDARD = gnu11;
				GCC_DYNAMIC_NO_PIC = NO;
				GCC_NO_COMMON_BLOCKS = YES;
				GCC_OPTIMIZATION_LEVEL = 0;
				GCC_PREPROCESSOR_DEFINITIONS = (
					"DEBUG=1",
					"$(inherited)",
				);
				GCC_WARN_64_TO_32_BIT_CONVERSION = YES;
				GCC_WARN_ABOUT_RETURN_TYPE = YES_ERROR;
				GCC_WARN_UNDECLARED_SELECTOR = YES;
				GCC_WARN_UNINITIALIZED_AUTOS = YES_AGGRESSIVE;
				GCC_WARN_UNUSED_FUNCTION = YES;
				GCC_WARN_UNUSED_VARIABLE = YES;
				IPHONEOS_DEPLOYMENT_TARGET = 13.2;
				MTL_ENABLE_DEBUG_INFO = INCLUDE_SOURCE;
				MTL_FAST_MATH = YES;
				ONLY_ACTIVE_ARCH = YES;
				SDKROOT = iphoneos;
				SWIFT_ACTIVE_COMPILATION_CONDITIONS = DEBUG;
				SWIFT_OPTIMIZATION_LEVEL = "-Onone";
			};
			name = Debug;
		};
		86E19E88244749D900CE3E07 /* Release */ = {
			isa = XCBuildConfiguration;
			buildSettings = {
				ALWAYS_SEARCH_USER_PATHS = NO;
				CLANG_ANALYZER_NONNULL = YES;
				CLANG_ANALYZER_NUMBER_OBJECT_CONVERSION = YES_AGGRESSIVE;
				CLANG_CXX_LANGUAGE_STANDARD = "gnu++14";
				CLANG_CXX_LIBRARY = "libc++";
				CLANG_ENABLE_MODULES = YES;
				CLANG_ENABLE_OBJC_ARC = YES;
				CLANG_ENABLE_OBJC_WEAK = YES;
				CLANG_WARN_BLOCK_CAPTURE_AUTORELEASING = YES;
				CLANG_WARN_BOOL_CONVERSION = YES;
				CLANG_WARN_COMMA = YES;
				CLANG_WARN_CONSTANT_CONVERSION = YES;
				CLANG_WARN_DEPRECATED_OBJC_IMPLEMENTATIONS = YES;
				CLANG_WARN_DIRECT_OBJC_ISA_USAGE = YES_ERROR;
				CLANG_WARN_DOCUMENTATION_COMMENTS = YES;
				CLANG_WARN_EMPTY_BODY = YES;
				CLANG_WARN_ENUM_CONVERSION = YES;
				CLANG_WARN_INFINITE_RECURSION = YES;
				CLANG_WARN_INT_CONVERSION = YES;
				CLANG_WARN_NON_LITERAL_NULL_CONVERSION = YES;
				CLANG_WARN_OBJC_IMPLICIT_RETAIN_SELF = YES;
				CLANG_WARN_OBJC_LITERAL_CONVERSION = YES;
				CLANG_WARN_OBJC_ROOT_CLASS = YES_ERROR;
				CLANG_WARN_RANGE_LOOP_ANALYSIS = YES;
				CLANG_WARN_STRICT_PROTOTYPES = YES;
				CLANG_WARN_SUSPICIOUS_MOVE = YES;
				CLANG_WARN_UNGUARDED_AVAILABILITY = YES_AGGRESSIVE;
				CLANG_WARN_UNREACHABLE_CODE = YES;
				CLANG_WARN__DUPLICATE_METHOD_MATCH = YES;
				COPY_PHASE_STRIP = NO;
				DEBUG_INFORMATION_FORMAT = "dwarf-with-dsym";
				ENABLE_NS_ASSERTIONS = NO;
				ENABLE_STRICT_OBJC_MSGSEND = YES;
				GCC_C_LANGUAGE_STANDARD = gnu11;
				GCC_NO_COMMON_BLOCKS = YES;
				GCC_WARN_64_TO_32_BIT_CONVERSION = YES;
				GCC_WARN_ABOUT_RETURN_TYPE = YES_ERROR;
				GCC_WARN_UNDECLARED_SELECTOR = YES;
				GCC_WARN_UNINITIALIZED_AUTOS = YES_AGGRESSIVE;
				GCC_WARN_UNUSED_FUNCTION = YES;
				GCC_WARN_UNUSED_VARIABLE = YES;
				IPHONEOS_DEPLOYMENT_TARGET = 13.2;
				MTL_ENABLE_DEBUG_INFO = NO;
				MTL_FAST_MATH = YES;
				SDKROOT = iphoneos;
				SWIFT_COMPILATION_MODE = wholemodule;
				SWIFT_OPTIMIZATION_LEVEL = "-O";
				VALIDATE_PRODUCT = YES;
			};
			name = Release;
		};
		86E19E8A244749D900CE3E07 /* Debug */ = {
			isa = XCBuildConfiguration;
			baseConfigurationReference = DA9CBD6C5E1463C7D20728A4 /* Pods-ArchitectureGuide.debug.xcconfig */;
			buildSettings = {
				ASSETCATALOG_COMPILER_APPICON_NAME = AppIcon;
				CODE_SIGN_STYLE = Automatic;
				DEVELOPMENT_TEAM = 9KPYZW6S24;
				INFOPLIST_FILE = ArchitectureGuide/Info.plist;
				LD_RUNPATH_SEARCH_PATHS = (
					"$(inherited)",
					"@executable_path/Frameworks",
				);
				PRODUCT_BUNDLE_IDENTIFIER = my.home.ArchitectureGuide;
				PRODUCT_NAME = "$(TARGET_NAME)";
				SWIFT_VERSION = 5.0;
				TARGETED_DEVICE_FAMILY = "1,2";
			};
			name = Debug;
		};
		86E19E8B244749D900CE3E07 /* Release */ = {
			isa = XCBuildConfiguration;
			baseConfigurationReference = 14A5ADABBD6EEDC9F1DA2FC8 /* Pods-ArchitectureGuide.release.xcconfig */;
			buildSettings = {
				ASSETCATALOG_COMPILER_APPICON_NAME = AppIcon;
				CODE_SIGN_STYLE = Automatic;
				DEVELOPMENT_TEAM = 9KPYZW6S24;
				INFOPLIST_FILE = ArchitectureGuide/Info.plist;
				LD_RUNPATH_SEARCH_PATHS = (
					"$(inherited)",
					"@executable_path/Frameworks",
				);
				PRODUCT_BUNDLE_IDENTIFIER = my.home.ArchitectureGuide;
				PRODUCT_NAME = "$(TARGET_NAME)";
				SWIFT_VERSION = 5.0;
				TARGETED_DEVICE_FAMILY = "1,2";
			};
			name = Release;
		};
		86E19E8D244749D900CE3E07 /* Debug */ = {
			isa = XCBuildConfiguration;
			buildSettings = {
				ALWAYS_EMBED_SWIFT_STANDARD_LIBRARIES = YES;
				BUNDLE_LOADER = "$(TEST_HOST)";
				CODE_SIGN_STYLE = Automatic;
				DEVELOPMENT_TEAM = 9KPYZW6S24;
				INFOPLIST_FILE = ArchitectureGuideTests/Info.plist;
				IPHONEOS_DEPLOYMENT_TARGET = 13.2;
				LD_RUNPATH_SEARCH_PATHS = (
					"$(inherited)",
					"@executable_path/Frameworks",
					"@loader_path/Frameworks",
				);
				PRODUCT_BUNDLE_IDENTIFIER = my.home.ArchitectureGuideTests;
				PRODUCT_NAME = "$(TARGET_NAME)";
				SWIFT_VERSION = 5.0;
				TARGETED_DEVICE_FAMILY = "1,2";
				TEST_HOST = "$(BUILT_PRODUCTS_DIR)/ArchitectureGuide.app/ArchitectureGuide";
			};
			name = Debug;
		};
		86E19E8E244749D900CE3E07 /* Release */ = {
			isa = XCBuildConfiguration;
			buildSettings = {
				ALWAYS_EMBED_SWIFT_STANDARD_LIBRARIES = YES;
				BUNDLE_LOADER = "$(TEST_HOST)";
				CODE_SIGN_STYLE = Automatic;
				DEVELOPMENT_TEAM = 9KPYZW6S24;
				INFOPLIST_FILE = ArchitectureGuideTests/Info.plist;
				IPHONEOS_DEPLOYMENT_TARGET = 13.2;
				LD_RUNPATH_SEARCH_PATHS = (
					"$(inherited)",
					"@executable_path/Frameworks",
					"@loader_path/Frameworks",
				);
				PRODUCT_BUNDLE_IDENTIFIER = my.home.ArchitectureGuideTests;
				PRODUCT_NAME = "$(TARGET_NAME)";
				SWIFT_VERSION = 5.0;
				TARGETED_DEVICE_FAMILY = "1,2";
				TEST_HOST = "$(BUILT_PRODUCTS_DIR)/ArchitectureGuide.app/ArchitectureGuide";
			};
			name = Release;
		};
		86E19E90244749D900CE3E07 /* Debug */ = {
			isa = XCBuildConfiguration;
			buildSettings = {
				ALWAYS_EMBED_SWIFT_STANDARD_LIBRARIES = YES;
				CODE_SIGN_STYLE = Automatic;
				DEVELOPMENT_TEAM = 9KPYZW6S24;
				INFOPLIST_FILE = ArchitectureGuideUITests/Info.plist;
				LD_RUNPATH_SEARCH_PATHS = (
					"$(inherited)",
					"@executable_path/Frameworks",
					"@loader_path/Frameworks",
				);
				PRODUCT_BUNDLE_IDENTIFIER = my.home.ArchitectureGuideUITests;
				PRODUCT_NAME = "$(TARGET_NAME)";
				SWIFT_VERSION = 5.0;
				TARGETED_DEVICE_FAMILY = "1,2";
				TEST_TARGET_NAME = ArchitectureGuide;
			};
			name = Debug;
		};
		86E19E91244749D900CE3E07 /* Release */ = {
			isa = XCBuildConfiguration;
			buildSettings = {
				ALWAYS_EMBED_SWIFT_STANDARD_LIBRARIES = YES;
				CODE_SIGN_STYLE = Automatic;
				DEVELOPMENT_TEAM = 9KPYZW6S24;
				INFOPLIST_FILE = ArchitectureGuideUITests/Info.plist;
				LD_RUNPATH_SEARCH_PATHS = (
					"$(inherited)",
					"@executable_path/Frameworks",
					"@loader_path/Frameworks",
				);
				PRODUCT_BUNDLE_IDENTIFIER = my.home.ArchitectureGuideUITests;
				PRODUCT_NAME = "$(TARGET_NAME)";
				SWIFT_VERSION = 5.0;
				TARGETED_DEVICE_FAMILY = "1,2";
				TEST_TARGET_NAME = ArchitectureGuide;
			};
			name = Release;
		};
		86E19F0D24474F5500CE3E07 /* Debug */ = {
			isa = XCBuildConfiguration;
			buildSettings = {
				ASSETCATALOG_COMPILER_APPICON_NAME = "App Icon & Top Shelf Image";
				CODE_SIGN_STYLE = Automatic;
				DEVELOPMENT_TEAM = 9KPYZW6S24;
				INFOPLIST_FILE = ArchitectureGuide.tvOS/Info.plist;
				LD_RUNPATH_SEARCH_PATHS = (
					"$(inherited)",
					"@executable_path/Frameworks",
				);
				PRODUCT_BUNDLE_IDENTIFIER = my.home.ArchitectureGuide;
				PRODUCT_NAME = ArchitectureGuide;
				SDKROOT = appletvos;
				SWIFT_VERSION = 5.0;
				TARGETED_DEVICE_FAMILY = 3;
				TVOS_DEPLOYMENT_TARGET = 13.2;
			};
			name = Debug;
		};
		86E19F0E24474F5500CE3E07 /* Release */ = {
			isa = XCBuildConfiguration;
			buildSettings = {
				ASSETCATALOG_COMPILER_APPICON_NAME = "App Icon & Top Shelf Image";
				CODE_SIGN_STYLE = Automatic;
				DEVELOPMENT_TEAM = 9KPYZW6S24;
				INFOPLIST_FILE = ArchitectureGuide.tvOS/Info.plist;
				LD_RUNPATH_SEARCH_PATHS = (
					"$(inherited)",
					"@executable_path/Frameworks",
				);
				PRODUCT_BUNDLE_IDENTIFIER = my.home.ArchitectureGuide;
				PRODUCT_NAME = ArchitectureGuide;
				SDKROOT = appletvos;
				SWIFT_VERSION = 5.0;
				TARGETED_DEVICE_FAMILY = 3;
				TVOS_DEPLOYMENT_TARGET = 13.2;
			};
			name = Release;
		};
		86E19F1024474F5500CE3E07 /* Debug */ = {
			isa = XCBuildConfiguration;
			buildSettings = {
				ALWAYS_EMBED_SWIFT_STANDARD_LIBRARIES = YES;
				BUNDLE_LOADER = "$(TEST_HOST)";
				CODE_SIGN_STYLE = Automatic;
				DEVELOPMENT_TEAM = 9KPYZW6S24;
				INFOPLIST_FILE = ArchitectureGuide.tvOSTests/Info.plist;
				LD_RUNPATH_SEARCH_PATHS = (
					"$(inherited)",
					"@executable_path/Frameworks",
					"@loader_path/Frameworks",
				);
				PRODUCT_BUNDLE_IDENTIFIER = "my.home.ArchitectureGuide-tvOSTests";
				PRODUCT_NAME = "$(TARGET_NAME)";
				SDKROOT = appletvos;
				SWIFT_VERSION = 5.0;
				TARGETED_DEVICE_FAMILY = 3;
				TEST_HOST = "$(BUILT_PRODUCTS_DIR)/ArchitectureGuide.app/ArchitectureGuide";
				TVOS_DEPLOYMENT_TARGET = 13.2;
			};
			name = Debug;
		};
		86E19F1124474F5500CE3E07 /* Release */ = {
			isa = XCBuildConfiguration;
			buildSettings = {
				ALWAYS_EMBED_SWIFT_STANDARD_LIBRARIES = YES;
				BUNDLE_LOADER = "$(TEST_HOST)";
				CODE_SIGN_STYLE = Automatic;
				DEVELOPMENT_TEAM = 9KPYZW6S24;
				INFOPLIST_FILE = ArchitectureGuide.tvOSTests/Info.plist;
				LD_RUNPATH_SEARCH_PATHS = (
					"$(inherited)",
					"@executable_path/Frameworks",
					"@loader_path/Frameworks",
				);
				PRODUCT_BUNDLE_IDENTIFIER = "my.home.ArchitectureGuide-tvOSTests";
				PRODUCT_NAME = "$(TARGET_NAME)";
				SDKROOT = appletvos;
				SWIFT_VERSION = 5.0;
				TARGETED_DEVICE_FAMILY = 3;
				TEST_HOST = "$(BUILT_PRODUCTS_DIR)/ArchitectureGuide.app/ArchitectureGuide";
				TVOS_DEPLOYMENT_TARGET = 13.2;
			};
			name = Release;
		};
		86E19F1324474F5500CE3E07 /* Debug */ = {
			isa = XCBuildConfiguration;
			buildSettings = {
				ALWAYS_EMBED_SWIFT_STANDARD_LIBRARIES = YES;
				CODE_SIGN_STYLE = Automatic;
				DEVELOPMENT_TEAM = 9KPYZW6S24;
				INFOPLIST_FILE = ArchitectureGuide.tvOSUITests/Info.plist;
				LD_RUNPATH_SEARCH_PATHS = (
					"$(inherited)",
					"@executable_path/Frameworks",
					"@loader_path/Frameworks",
				);
				PRODUCT_BUNDLE_IDENTIFIER = "my.home.ArchitectureGuide-tvOSUITests";
				PRODUCT_NAME = "$(TARGET_NAME)";
				SDKROOT = appletvos;
				SWIFT_VERSION = 5.0;
				TARGETED_DEVICE_FAMILY = 3;
				TEST_TARGET_NAME = ArchitectureGuide.tvOS;
				TVOS_DEPLOYMENT_TARGET = 13.2;
			};
			name = Debug;
		};
		86E19F1424474F5500CE3E07 /* Release */ = {
			isa = XCBuildConfiguration;
			buildSettings = {
				ALWAYS_EMBED_SWIFT_STANDARD_LIBRARIES = YES;
				CODE_SIGN_STYLE = Automatic;
				DEVELOPMENT_TEAM = 9KPYZW6S24;
				INFOPLIST_FILE = ArchitectureGuide.tvOSUITests/Info.plist;
				LD_RUNPATH_SEARCH_PATHS = (
					"$(inherited)",
					"@executable_path/Frameworks",
					"@loader_path/Frameworks",
				);
				PRODUCT_BUNDLE_IDENTIFIER = "my.home.ArchitectureGuide-tvOSUITests";
				PRODUCT_NAME = "$(TARGET_NAME)";
				SDKROOT = appletvos;
				SWIFT_VERSION = 5.0;
				TARGETED_DEVICE_FAMILY = 3;
				TEST_TARGET_NAME = ArchitectureGuide.tvOS;
				TVOS_DEPLOYMENT_TARGET = 13.2;
			};
			name = Release;
		};
/* End XCBuildConfiguration section */

/* Begin XCConfigurationList section */
		86E19E5A244749D600CE3E07 /* Build configuration list for PBXProject "ArchitectureGuide" */ = {
			isa = XCConfigurationList;
			buildConfigurations = (
				86E19E87244749D900CE3E07 /* Debug */,
				86E19E88244749D900CE3E07 /* Release */,
			);
			defaultConfigurationIsVisible = 0;
			defaultConfigurationName = Release;
		};
		86E19E89244749D900CE3E07 /* Build configuration list for PBXNativeTarget "ArchitectureGuide" */ = {
			isa = XCConfigurationList;
			buildConfigurations = (
				86E19E8A244749D900CE3E07 /* Debug */,
				86E19E8B244749D900CE3E07 /* Release */,
			);
			defaultConfigurationIsVisible = 0;
			defaultConfigurationName = Release;
		};
		86E19E8C244749D900CE3E07 /* Build configuration list for PBXNativeTarget "ArchitectureGuideTests" */ = {
			isa = XCConfigurationList;
			buildConfigurations = (
				86E19E8D244749D900CE3E07 /* Debug */,
				86E19E8E244749D900CE3E07 /* Release */,
			);
			defaultConfigurationIsVisible = 0;
			defaultConfigurationName = Release;
		};
		86E19E8F244749D900CE3E07 /* Build configuration list for PBXNativeTarget "ArchitectureGuideUITests" */ = {
			isa = XCConfigurationList;
			buildConfigurations = (
				86E19E90244749D900CE3E07 /* Debug */,
				86E19E91244749D900CE3E07 /* Release */,
			);
			defaultConfigurationIsVisible = 0;
			defaultConfigurationName = Release;
		};
		86E19F0C24474F5500CE3E07 /* Build configuration list for PBXNativeTarget "ArchitectureGuide.tvOS" */ = {
			isa = XCConfigurationList;
			buildConfigurations = (
				86E19F0D24474F5500CE3E07 /* Debug */,
				86E19F0E24474F5500CE3E07 /* Release */,
			);
			defaultConfigurationIsVisible = 0;
			defaultConfigurationName = Release;
		};
		86E19F0F24474F5500CE3E07 /* Build configuration list for PBXNativeTarget "ArchitectureGuide.tvOSTests" */ = {
			isa = XCConfigurationList;
			buildConfigurations = (
				86E19F1024474F5500CE3E07 /* Debug */,
				86E19F1124474F5500CE3E07 /* Release */,
			);
			defaultConfigurationIsVisible = 0;
			defaultConfigurationName = Release;
		};
		86E19F1224474F5500CE3E07 /* Build configuration list for PBXNativeTarget "ArchitectureGuide.tvOSUITests" */ = {
			isa = XCConfigurationList;
			buildConfigurations = (
				86E19F1324474F5500CE3E07 /* Debug */,
				86E19F1424474F5500CE3E07 /* Release */,
			);
			defaultConfigurationIsVisible = 0;
			defaultConfigurationName = Release;
		};
/* End XCConfigurationList section */
	};
	rootObject = 86E19E57244749D600CE3E07 /* Project object */;
}
